
Microsoft Visual Studio Solution File, Format Version 12.00
# Visual Studio 15
VisualStudioVersion = 15.0.28307.1022
MinimumVisualStudioVersion = 10.0.40219.1
Project("{FAE04EC0-301F-11D3-BF4B-00C04F79EFBC}") = "CW1", "CW1\CW1.csproj", "{3BFB3663-3FC6-4DC2-BE17-B8CE697AEFAD}"
EndProject
Global
	GlobalSection(SolutionConfigurationPlatforms) = preSolution
		Debug|Any CPU = Debug|Any CPU
		Release|Any CPU = Release|Any CPU
	EndGlobalSection
	GlobalSection(ProjectConfigurationPlatforms) = postSolution
		{3BFB3663-3FC6-4DC2-BE17-B8CE697AEFAD}.Debug|Any CPU.ActiveCfg = Debug|Any CPU
		{3BFB3663-3FC6-4DC2-BE17-B8CE697AEFAD}.Debug|Any CPU.Build.0 = Debug|Any CPU
		{3BFB3663-3FC6-4DC2-BE17-B8CE697AEFAD}.Release|Any CPU.ActiveCfg = Release|Any CPU
		{3BFB3663-3FC6-4DC2-BE17-B8CE697AEFAD}.Release|Any CPU.Build.0 = Release|Any CPU
	EndGlobalSection
	GlobalSection(SolutionProperties) = preSolution
		HideSolutionNode = FALSE
	EndGlobalSection
	GlobalSection(ExtensibilityGlobals) = postSolution
		SolutionGuid = {18B618F5-0F6B-4BB2-8EBB-ED52787920EA}
	EndGlobalSection
EndGlobal
